// !$*UTF8*$!
{
	archiveVersion = 1;
	classes = {
	};
	objectVersion = 46;
	objects = {

/* Begin PBXBuildFile section */
		954920E719923EA60096962F /* AppKit.framework in Frameworks */ = {isa = PBXBuildFile; fileRef = 954920E619923EA60096962F /* AppKit.framework */; };
		955C0001198F93CA00AEE3B4 /* MainMenu.xib in Resources */ = {isa = PBXBuildFile; fileRef = 955CFFFF198F93CA00AEE3B4 /* MainMenu.xib */; };
		955C000D198F93CA00AEE3B4 /* SEnCETests.swift in Sources */ = {isa = PBXBuildFile; fileRef = 955C000C198F93CA00AEE3B4 /* SEnCETests.swift */; };
		955CFFF7198F93C900AEE3B4 /* main.swift in Sources */ = {isa = PBXBuildFile; fileRef = 955CFFF6198F93C900AEE3B4 /* main.swift */; };
		955CFFF9198F93C900AEE3B4 /* Document.swift in Sources */ = {isa = PBXBuildFile; fileRef = 955CFFF8198F93C900AEE3B4 /* Document.swift */; };
		955CFFFC198F93C900AEE3B4 /* Document.xib in Resources */ = {isa = PBXBuildFile; fileRef = 955CFFFA198F93C900AEE3B4 /* Document.xib */; };
		955CFFFE198F93C900AEE3B4 /* Images.xcassets in Resources */ = {isa = PBXBuildFile; fileRef = 955CFFFD198F93C900AEE3B4 /* Images.xcassets */; };
		956B4080198FB029007CD301 /* SEOContent.swift in Sources */ = {isa = PBXBuildFile; fileRef = 956B407F198FB029007CD301 /* SEOContent.swift */; };
		956B4081198FB02F007CD301 /* SEOContent.swift in Sources */ = {isa = PBXBuildFile; fileRef = 956B407F198FB029007CD301 /* SEOContent.swift */; };
		956B4083198FB0A5007CD301 /* SEOKeyword.swift in Sources */ = {isa = PBXBuildFile; fileRef = 956B4082198FB0A5007CD301 /* SEOKeyword.swift */; };
		956B4084198FB0A5007CD301 /* SEOKeyword.swift in Sources */ = {isa = PBXBuildFile; fileRef = 956B4082198FB0A5007CD301 /* SEOKeyword.swift */; };
/* End PBXBuildFile section */

/* Begin PBXContainerItemProxy section */
		955C0007198F93CA00AEE3B4 /* PBXContainerItemProxy */ = {
			isa = PBXContainerItemProxy;
			containerPortal = 955CFFE9198F93C900AEE3B4 /* Project object */;
			proxyType = 1;
			remoteGlobalIDString = 955CFFF0198F93C900AEE3B4;
			remoteInfo = SEnCE;
		};
/* End PBXContainerItemProxy section */

/* Begin PBXFileReference section */
		954920E619923EA60096962F /* AppKit.framework */ = {isa = PBXFileReference; lastKnownFileType = wrapper.framework; name = AppKit.framework; path = System/Library/Frameworks/AppKit.framework; sourceTree = SDKROOT; };
		955C0000198F93CA00AEE3B4 /* Base */ = {isa = PBXFileReference; lastKnownFileType = file.xib; name = Base; path = Base.lproj/MainMenu.xib; sourceTree = "<group>"; };
		955C0006198F93CA00AEE3B4 /* SEnCETests.xctest */ = {isa = PBXFileReference; explicitFileType = wrapper.cfbundle; includeInIndex = 0; path = SEnCETests.xctest; sourceTree = BUILT_PRODUCTS_DIR; };
		955C000B198F93CA00AEE3B4 /* Info.plist */ = {isa = PBXFileReference; lastKnownFileType = text.plist.xml; path = Info.plist; sourceTree = "<group>"; };
		955C000C198F93CA00AEE3B4 /* SEnCETests.swift */ = {isa = PBXFileReference; lastKnownFileType = sourcecode.swift; path = SEnCETests.swift; sourceTree = "<group>"; };
		955CFFF1198F93C900AEE3B4 /* SEnCE.app */ = {isa = PBXFileReference; explicitFileType = wrapper.application; includeInIndex = 0; path = SEnCE.app; sourceTree = BUILT_PRODUCTS_DIR; };
		955CFFF5198F93C900AEE3B4 /* Info.plist */ = {isa = PBXFileReference; lastKnownFileType = text.plist.xml; path = Info.plist; sourceTree = "<group>"; };
		955CFFF6198F93C900AEE3B4 /* main.swift */ = {isa = PBXFileReference; lastKnownFileType = sourcecode.swift; path = main.swift; sourceTree = "<group>"; };
		955CFFF8198F93C900AEE3B4 /* Document.swift */ = {isa = PBXFileReference; lastKnownFileType = sourcecode.swift; path = Document.swift; sourceTree = "<group>"; };
		955CFFFB198F93C900AEE3B4 /* Base */ = {isa = PBXFileReference; lastKnownFileType = file.xib; name = Base; path = Base.lproj/Document.xib; sourceTree = "<group>"; };
		955CFFFD198F93C900AEE3B4 /* Images.xcassets */ = {isa = PBXFileReference; lastKnownFileType = folder.assetcatalog; path = Images.xcassets; sourceTree = "<group>"; };
		956B407F198FB029007CD301 /* SEOContent.swift */ = {isa = PBXFileReference; fileEncoding = 4; lastKnownFileType = sourcecode.swift; path = SEOContent.swift; sourceTree = "<group>"; };
		956B4082198FB0A5007CD301 /* SEOKeyword.swift */ = {isa = PBXFileReference; fileEncoding = 4; lastKnownFileType = sourcecode.swift; path = SEOKeyword.swift; sourceTree = "<group>"; };
/* End PBXFileReference section */

/* Begin PBXFrameworksBuildPhase section */
		955C0003198F93CA00AEE3B4 /* Frameworks */ = {
			isa = PBXFrameworksBuildPhase;
			buildActionMask = 2147483647;
			files = (
			);
			runOnlyForDeploymentPostprocessing = 0;
		};
		955CFFEE198F93C900AEE3B4 /* Frameworks */ = {
			isa = PBXFrameworksBuildPhase;
			buildActionMask = 2147483647;
			files = (
				954920E719923EA60096962F /* AppKit.framework in Frameworks */,
			);
			runOnlyForDeploymentPostprocessing = 0;
		};
/* End PBXFrameworksBuildPhase section */

/* Begin PBXGroup section */
		955C0009198F93CA00AEE3B4 /* SEnCETests */ = {
			isa = PBXGroup;
			children = (
				955C000C198F93CA00AEE3B4 /* SEnCETests.swift */,
				955C000A198F93CA00AEE3B4 /* Supporting Files */,
			);
			path = SEnCETests;
			sourceTree = "<group>";
		};
		955C000A198F93CA00AEE3B4 /* Supporting Files */ = {
			isa = PBXGroup;
			children = (
				955C000B198F93CA00AEE3B4 /* Info.plist */,
			);
			name = "Supporting Files";
			sourceTree = "<group>";
		};
		955CFFE8198F93C900AEE3B4 = {
			isa = PBXGroup;
			children = (
				955CFFF3198F93C900AEE3B4 /* SEnCE */,
				955C0009198F93CA00AEE3B4 /* SEnCETests */,
				955CFFF2198F93C900AEE3B4 /* Products */,
				954920E619923EA60096962F /* AppKit.framework */,
			);
			sourceTree = "<group>";
		};
		955CFFF2198F93C900AEE3B4 /* Products */ = {
			isa = PBXGroup;
			children = (
				955CFFF1198F93C900AEE3B4 /* SEnCE.app */,
				955C0006198F93CA00AEE3B4 /* SEnCETests.xctest */,
			);
			name = Products;
			sourceTree = "<group>";
		};
		955CFFF3198F93C900AEE3B4 /* SEnCE */ = {
			isa = PBXGroup;
			children = (
				955CFFF8198F93C900AEE3B4 /* Document.swift */,
				955CFFFA198F93C900AEE3B4 /* Document.xib */,
				955CFFFD198F93C900AEE3B4 /* Images.xcassets */,
				955CFFFF198F93CA00AEE3B4 /* MainMenu.xib */,
				955CFFF4198F93C900AEE3B4 /* Supporting Files */,
				956B407F198FB029007CD301 /* SEOContent.swift */,
				956B4082198FB0A5007CD301 /* SEOKeyword.swift */,
			);
			path = SEnCE;
			sourceTree = "<group>";
		};
		955CFFF4198F93C900AEE3B4 /* Supporting Files */ = {
			isa = PBXGroup;
			children = (
				955CFFF5198F93C900AEE3B4 /* Info.plist */,
				955CFFF6198F93C900AEE3B4 /* main.swift */,
			);
			name = "Supporting Files";
			sourceTree = "<group>";
		};
/* End PBXGroup section */

/* Begin PBXNativeTarget section */
		955C0005198F93CA00AEE3B4 /* SEnCETests */ = {
			isa = PBXNativeTarget;
			buildConfigurationList = 955C0013198F93CA00AEE3B4 /* Build configuration list for PBXNativeTarget "SEnCETests" */;
			buildPhases = (
				955C0002198F93CA00AEE3B4 /* Sources */,
				955C0003198F93CA00AEE3B4 /* Frameworks */,
				955C0004198F93CA00AEE3B4 /* Resources */,
			);
			buildRules = (
			);
			dependencies = (
				955C0008198F93CA00AEE3B4 /* PBXTargetDependency */,
			);
			name = SEnCETests;
			productName = SEnCETests;
			productReference = 955C0006198F93CA00AEE3B4 /* SEnCETests.xctest */;
			productType = "com.apple.product-type.bundle.unit-test";
		};
		955CFFF0198F93C900AEE3B4 /* SEnCE */ = {
			isa = PBXNativeTarget;
			buildConfigurationList = 955C0010198F93CA00AEE3B4 /* Build configuration list for PBXNativeTarget "SEnCE" */;
			buildPhases = (
				955CFFED198F93C900AEE3B4 /* Sources */,
				955CFFEE198F93C900AEE3B4 /* Frameworks */,
				955CFFEF198F93C900AEE3B4 /* Resources */,
			);
			buildRules = (
			);
			dependencies = (
			);
			name = SEnCE;
			productName = SEnCE;
			productReference = 955CFFF1198F93C900AEE3B4 /* SEnCE.app */;
			productType = "com.apple.product-type.application";
		};
/* End PBXNativeTarget section */

/* Begin PBXProject section */
		955CFFE9198F93C900AEE3B4 /* Project object */ = {
			isa = PBXProject;
			attributes = {
				LastUpgradeCheck = 0600;
				ORGANIZATIONNAME = "Andreas Kostuch";
				TargetAttributes = {
					955C0005198F93CA00AEE3B4 = {
						CreatedOnToolsVersion = 6.0;
						TestTargetID = 955CFFF0198F93C900AEE3B4;
					};
					955CFFF0198F93C900AEE3B4 = {
						CreatedOnToolsVersion = 6.0;
						DevelopmentTeam = 9X95574H7S;
					};
				};
			};
			buildConfigurationList = 955CFFEC198F93C900AEE3B4 /* Build configuration list for PBXProject "SEnCE" */;
			compatibilityVersion = "Xcode 3.2";
			developmentRegion = English;
			hasScannedForEncodings = 0;
			knownRegions = (
				en,
				Base,
			);
			mainGroup = 955CFFE8198F93C900AEE3B4;
			productRefGroup = 955CFFF2198F93C900AEE3B4 /* Products */;
			projectDirPath = "";
			projectRoot = "";
			targets = (
				955CFFF0198F93C900AEE3B4 /* SEnCE */,
				955C0005198F93CA00AEE3B4 /* SEnCETests */,
			);
		};
/* End PBXProject section */

/* Begin PBXResourcesBuildPhase section */
		955C0004198F93CA00AEE3B4 /* Resources */ = {
			isa = PBXResourcesBuildPhase;
			buildActionMask = 2147483647;
			files = (
			);
			runOnlyForDeploymentPostprocessing = 0;
		};
		955CFFEF198F93C900AEE3B4 /* Resources */ = {
			isa = PBXResourcesBuildPhase;
			buildActionMask = 2147483647;
			files = (
				955CFFFC198F93C900AEE3B4 /* Document.xib in Resources */,
				955CFFFE198F93C900AEE3B4 /* Images.xcassets in Resources */,
				955C0001198F93CA00AEE3B4 /* MainMenu.xib in Resources */,
			);
			runOnlyForDeploymentPostprocessing = 0;
		};
/* End PBXResourcesBuildPhase section */

/* Begin PBXSourcesBuildPhase section */
		955C0002198F93CA00AEE3B4 /* Sources */ = {
			isa = PBXSourcesBuildPhase;
			buildActionMask = 2147483647;
			files = (
				955C000D198F93CA00AEE3B4 /* SEnCETests.swift in Sources */,
				956B4084198FB0A5007CD301 /* SEOKeyword.swift in Sources */,
				956B4081198FB02F007CD301 /* SEOContent.swift in Sources */,
			);
			runOnlyForDeploymentPostprocessing = 0;
		};
		955CFFED198F93C900AEE3B4 /* Sources */ = {
			isa = PBXSourcesBuildPhase;
			buildActionMask = 2147483647;
			files = (
				956B4080198FB029007CD301 /* SEOContent.swift in Sources */,
				955CFFF9198F93C900AEE3B4 /* Document.swift in Sources */,
				955CFFF7198F93C900AEE3B4 /* main.swift in Sources */,
				956B4083198FB0A5007CD301 /* SEOKeyword.swift in Sources */,
			);
			runOnlyForDeploymentPostprocessing = 0;
		};
/* End PBXSourcesBuildPhase section */

/* Begin PBXTargetDependency section */
		955C0008198F93CA00AEE3B4 /* PBXTargetDependency */ = {
			isa = PBXTargetDependency;
			target = 955CFFF0198F93C900AEE3B4 /* SEnCE */;
			targetProxy = 955C0007198F93CA00AEE3B4 /* PBXContainerItemProxy */;
		};
/* End PBXTargetDependency section */

/* Begin PBXVariantGroup section */
		955CFFFA198F93C900AEE3B4 /* Document.xib */ = {
			isa = PBXVariantGroup;
			children = (
				955CFFFB198F93C900AEE3B4 /* Base */,
			);
			name = Document.xib;
			sourceTree = "<group>";
		};
		955CFFFF198F93CA00AEE3B4 /* MainMenu.xib */ = {
			isa = PBXVariantGroup;
			children = (
				955C0000198F93CA00AEE3B4 /* Base */,
			);
			name = MainMenu.xib;
			sourceTree = "<group>";
		};
/* End PBXVariantGroup section */

/* Begin XCBuildConfiguration section */
		955C000E198F93CA00AEE3B4 /* Debug */ = {
			isa = XCBuildConfiguration;
			buildSettings = {
				ALWAYS_SEARCH_USER_PATHS = NO;
				CLANG_CXX_LANGUAGE_STANDARD = "gnu++0x";
				CLANG_CXX_LIBRARY = "libc++";
				CLANG_ENABLE_MODULES = YES;
				CLANG_ENABLE_OBJC_ARC = YES;
				CLANG_WARN_BOOL_CONVERSION = YES;
				CLANG_WARN_CONSTANT_CONVERSION = YES;
				CLANG_WARN_DIRECT_OBJC_ISA_USAGE = YES_ERROR;
				CLANG_WARN_EMPTY_BODY = YES;
				CLANG_WARN_ENUM_CONVERSION = YES;
				CLANG_WARN_INT_CONVERSION = YES;
				CLANG_WARN_OBJC_ROOT_CLASS = YES_ERROR;
				CLANG_WARN_UNREACHABLE_CODE = YES;
				CLANG_WARN__DUPLICATE_METHOD_MATCH = YES;
				CODE_SIGN_IDENTITY = "-";
				COPY_PHASE_STRIP = NO;
				ENABLE_STRICT_OBJC_MSGSEND = YES;
				GCC_C_LANGUAGE_STANDARD = gnu99;
				GCC_DYNAMIC_NO_PIC = NO;
				GCC_OPTIMIZATION_LEVEL = 0;
				GCC_PREPROCESSOR_DEFINITIONS = (
					"DEBUG=1",
					"$(inherited)",
				);
				GCC_SYMBOLS_PRIVATE_EXTERN = NO;
				GCC_WARN_64_TO_32_BIT_CONVERSION = YES;
				GCC_WARN_ABOUT_RETURN_TYPE = YES_ERROR;
				GCC_WARN_UNDECLARED_SELECTOR = YES;
				GCC_WARN_UNINITIALIZED_AUTOS = YES_AGGRESSIVE;
				GCC_WARN_UNUSED_FUNCTION = YES;
				GCC_WARN_UNUSED_VARIABLE = YES;
				MACOSX_DEPLOYMENT_TARGET = 10.9;
				MTL_ENABLE_DEBUG_INFO = YES;
				ONLY_ACTIVE_ARCH = YES;
				SDKROOT = macosx;
				SWIFT_OPTIMIZATION_LEVEL = "-Onone";
			};
			name = Debug;
		};
		955C000F198F93CA00AEE3B4 /* Release */ = {
			isa = XCBuildConfiguration;
			buildSettings = {
				ALWAYS_SEARCH_USER_PATHS = NO;
				CLANG_CXX_LANGUAGE_STANDARD = "gnu++0x";
				CLANG_CXX_LIBRARY = "libc++";
				CLANG_ENABLE_MODULES = YES;
				CLANG_ENABLE_OBJC_ARC = YES;
				CLANG_WARN_BOOL_CONVERSION = YES;
				CLANG_WARN_CONSTANT_CONVERSION = YES;
				CLANG_WARN_DIRECT_OBJC_ISA_USAGE = YES_ERROR;
				CLANG_WARN_EMPTY_BODY = YES;
				CLANG_WARN_ENUM_CONVERSION = YES;
				CLANG_WARN_INT_CONVERSION = YES;
				CLANG_WARN_OBJC_ROOT_CLASS = YES_ERROR;
				CLANG_WARN_UNREACHABLE_CODE = YES;
				CLANG_WARN__DUPLICATE_METHOD_MATCH = YES;
				CODE_SIGN_IDENTITY = "-";
				COPY_PHASE_STRIP = YES;
				DEBUG_INFORMATION_FORMAT = "dwarf-with-dsym";
				ENABLE_NS_ASSERTIONS = NO;
				ENABLE_STRICT_OBJC_MSGSEND = YES;
				GCC_C_LANGUAGE_STANDARD = gnu99;
				GCC_WARN_64_TO_32_BIT_CONVERSION = YES;
				GCC_WARN_ABOUT_RETURN_TYPE = YES_ERROR;
				GCC_WARN_UNDECLARED_SELECTOR = YES;
				GCC_WARN_UNINITIALIZED_AUTOS = YES_AGGRESSIVE;
				GCC_WARN_UNUSED_FUNCTION = YES;
				GCC_WARN_UNUSED_VARIABLE = YES;
				MACOSX_DEPLOYMENT_TARGET = 10.9;
				MTL_ENABLE_DEBUG_INFO = NO;
				SDKROOT = macosx;
			};
			name = Release;
		};
		955C0011198F93CA00AEE3B4 /* Debug */ = {
			isa = XCBuildConfiguration;
			buildSettings = {
				ASSETCATALOG_COMPILER_APPICON_NAME = AppIcon;
				CODE_SIGN_IDENTITY = "Mac Developer";
				"CODE_SIGN_IDENTITY[sdk=macosx*]" = "Mac Developer";
				COMBINE_HIDPI_IMAGES = YES;
				INFOPLIST_FILE = SEnCE/Info.plist;
				LD_RUNPATH_SEARCH_PATHS = "$(inherited) @executable_path/../Frameworks";
				PRODUCT_NAME = "$(TARGET_NAME)";
				PROVISIONING_PROFILE = "";
			};
			name = Debug;
		};
		955C0012198F93CA00AEE3B4 /* Release */ = {
			isa = XCBuildConfiguration;
			buildSettings = {
				ASSETCATALOG_COMPILER_APPICON_NAME = AppIcon;
				CODE_SIGN_IDENTITY = "Mac Developer";
				"CODE_SIGN_IDENTITY[sdk=macosx*]" = "Mac Developer";
				COMBINE_HIDPI_IMAGES = YES;
				INFOPLIST_FILE = SEnCE/Info.plist;
				LD_RUNPATH_SEARCH_PATHS = "$(inherited) @executable_path/../Frameworks";
				PRODUCT_NAME = "$(TARGET_NAME)";
				PROVISIONING_PROFILE = "";
			};
			name = Release;
		};
		955C0014198F93CA00AEE3B4 /* Debug */ = {
			isa = XCBuildConfiguration;
			buildSettings = {
				BUNDLE_LOADER = "$(BUILT_PRODUCTS_DIR)/SEnCE.app/Contents/MacOS/SEnCE";
				COMBINE_HIDPI_IMAGES = YES;
				FRAMEWORK_SEARCH_PATHS = (
					"$(DEVELOPER_FRAMEWORKS_DIR)",
					"$(inherited)",
				);
				GCC_PREPROCESSOR_DEFINITIONS = (
					"DEBUG=1",
					"$(inherited)",
				);
				INFOPLIST_FILE = SEnCETests/Info.plist;
				LD_RUNPATH_SEARCH_PATHS = "$(inherited) @executable_path/../Frameworks @loader_path/../Frameworks";
				PRODUCT_NAME = "$(TARGET_NAME)";
				TEST_HOST = "$(BUNDLE_LOADER)";
			};
			name = Debug;
		};
		955C0015198F93CA00AEE3B4 /* Release */ = {
			isa = XCBuildConfiguration;
			buildSettings = {
				BUNDLE_LOADER = "$(BUILT_PRODUCTS_DIR)/SEnCE.app/Contents/MacOS/SEnCE";
				COMBINE_HIDPI_IMAGES = YES;
				FRAMEWORK_SEARCH_PATHS = (
					"$(DEVELOPER_FRAMEWORKS_DIR)",
					"$(inherited)",
				);
				INFOPLIST_FILE = SEnCETests/Info.plist;
				LD_RUNPATH_SEARCH_PATHS = "$(inherited) @executable_path/../Frameworks @loader_path/../Frameworks";
				PRODUCT_NAME = "$(TARGET_NAME)";
				TEST_HOST = "$(BUNDLE_LOADER)";
			};
			name = Release;
		};
/* End XCBuildConfiguration section */

/* Begin XCConfigurationList section */
		955C0010198F93CA00AEE3B4 /* Build configuration list for PBXNativeTarget "SEnCE" */ = {
			isa = XCConfigurationList;
			buildConfigurations = (
				955C0011198F93CA00AEE3B4 /* Debug */,
				955C0012198F93CA00AEE3B4 /* Release */,
			);
			defaultConfigurationIsVisible = 0;
			defaultConfigurationName = Release;
		};
		955C0013198F93CA00AEE3B4 /* Build configuration list for PBXNativeTarget "SEnCETests" */ = {
			isa = XCConfigurationList;
			buildConfigurations = (
				955C0014198F93CA00AEE3B4 /* Debug */,
				955C0015198F93CA00AEE3B4 /* Release */,
			);
			defaultConfigurationIsVisible = 0;
			defaultConfigurationName = Release;
		};
		955CFFEC198F93C900AEE3B4 /* Build configuration list for PBXProject "SEnCE" */ = {
			isa = XCConfigurationList;
			buildConfigurations = (
				955C000E198F93CA00AEE3B4 /* Debug */,
				955C000F198F93CA00AEE3B4 /* Release */,
			);
			defaultConfigurationIsVisible = 0;
			defaultConfigurationName = Release;
		};
/* End XCConfigurationList section */
	};
	rootObject = 955CFFE9198F93C900AEE3B4 /* Project object */;
}
